
Microsoft Visual Studio Solution File, Format Version 12.00
# Visual Studio Version 17
VisualStudioVersion = 17.5.33627.172
MinimumVisualStudioVersion = 10.0.40219.1
Project("{FAE04EC0-301F-11D3-BF4B-00C04F79EFBC}") = "SammdaCoffe", "SammdaCoffe\SammdaCoffe.csproj", "{0EA717DE-6691-49B8-A183-291689E56584}"
EndProject
Global
	GlobalSection(SolutionConfigurationPlatforms) = preSolution
		Debug|Any CPU = Debug|Any CPU
		Release|Any CPU = Release|Any CPU
	EndGlobalSection
	GlobalSection(ProjectConfigurationPlatforms) = postSolution
		{0EA717DE-6691-49B8-A183-291689E56584}.Debug|Any CPU.ActiveCfg = Debug|Any CPU
		{0EA717DE-6691-49B8-A183-291689E56584}.Debug|Any CPU.Build.0 = Debug|Any CPU
		{0EA717DE-6691-49B8-A183-291689E56584}.Release|Any CPU.ActiveCfg = Release|Any CPU
		{0EA717DE-6691-49B8-A183-291689E56584}.Release|Any CPU.Build.0 = Release|Any CPU
	EndGlobalSection
	GlobalSection(SolutionProperties) = preSolution
		HideSolutionNode = FALSE
	EndGlobalSection
	GlobalSection(ExtensibilityGlobals) = postSolution
		SolutionGuid = {01D3598C-1211-47A1-B68F-3D294F40F6EC}
	EndGlobalSection
EndGlobal
